// !$*UTF8*$!
{
	archiveVersion = 1;
	classes = {
	};
	objectVersion = 46;
	objects = {

/* Begin PBXBuildFile section */
		9A7AD3B71CBB66FB00CC0068 /* main.m in Sources */ = {isa = PBXBuildFile; fileRef = 9A7AD3B61CBB66FB00CC0068 /* main.m */; };
		9A7AD3BA1CBB66FB00CC0068 /* AppDelegate.m in Sources */ = {isa = PBXBuildFile; fileRef = 9A7AD3B91CBB66FB00CC0068 /* AppDelegate.m */; };
		9A7AD3BD1CBB66FB00CC0068 /* ViewController.m in Sources */ = {isa = PBXBuildFile; fileRef = 9A7AD3BC1CBB66FB00CC0068 /* ViewController.m */; };
		9A7AD3C01CBB66FB00CC0068 /* Main.storyboard in Resources */ = {isa = PBXBuildFile; fileRef = 9A7AD3BE1CBB66FB00CC0068 /* Main.storyboard */; };
		9A7AD3C21CBB66FB00CC0068 /* Assets.xcassets in Resources */ = {isa = PBXBuildFile; fileRef = 9A7AD3C11CBB66FB00CC0068 /* Assets.xcassets */; };
		9A7AD3C51CBB66FB00CC0068 /* LaunchScreen.storyboard in Resources */ = {isa = PBXBuildFile; fileRef = 9A7AD3C31CBB66FB00CC0068 /* LaunchScreen.storyboard */; };
		9A7AD3CF1CBB674A00CC0068 /* PGTopWindow.m in Sources */ = {isa = PBXBuildFile; fileRef = 9A7AD3CE1CBB674A00CC0068 /* PGTopWindow.m */; };
		9A7AD3D21CBB6EA400CC0068 /* TopViewController.m in Sources */ = {isa = PBXBuildFile; fileRef = 9A7AD3D11CBB6EA400CC0068 /* TopViewController.m */; };
/* End PBXBuildFile section */

/* Begin PBXFileReference section */
		9A7AD3B21CBB66FB00CC0068 /* scrollToTop.app */ = {isa = PBXFileReference; explicitFileType = wrapper.application; includeInIndex = 0; path = scrollToTop.app; sourceTree = BUILT_PRODUCTS_DIR; };
		9A7AD3B61CBB66FB00CC0068 /* main.m */ = {isa = PBXFileReference; lastKnownFileType = sourcecode.c.objc; path = main.m; sourceTree = "<group>"; };
		9A7AD3B81CBB66FB00CC0068 /* AppDelegate.h */ = {isa = PBXFileReference; lastKnownFileType = sourcecode.c.h; path = AppDelegate.h; sourceTree = "<group>"; };
		9A7AD3B91CBB66FB00CC0068 /* AppDelegate.m */ = {isa = PBXFileReference; lastKnownFileType = sourcecode.c.objc; path = AppDelegate.m; sourceTree = "<group>"; };
		9A7AD3BB1CBB66FB00CC0068 /* ViewController.h */ = {isa = PBXFileReference; lastKnownFileType = sourcecode.c.h; path = ViewController.h; sourceTree = "<group>"; };
		9A7AD3BC1CBB66FB00CC0068 /* ViewController.m */ = {isa = PBXFileReference; lastKnownFileType = sourcecode.c.objc; path = ViewController.m; sourceTree = "<group>"; };
		9A7AD3BF1CBB66FB00CC0068 /* Base */ = {isa = PBXFileReference; lastKnownFileType = file.storyboard; name = Base; path = Base.lproj/Main.storyboard; sourceTree = "<group>"; };
		9A7AD3C11CBB66FB00CC0068 /* Assets.xcassets */ = {isa = PBXFileReference; lastKnownFileType = folder.assetcatalog; path = Assets.xcassets; sourceTree = "<group>"; };
		9A7AD3C41CBB66FB00CC0068 /* Base */ = {isa = PBXFileReference; lastKnownFileType = file.storyboard; name = Base; path = Base.lproj/LaunchScreen.storyboard; sourceTree = "<group>"; };
		9A7AD3C61CBB66FB00CC0068 /* Info.plist */ = {isa = PBXFileReference; lastKnownFileType = text.plist.xml; path = Info.plist; sourceTree = "<group>"; };
		9A7AD3CD1CBB674A00CC0068 /* PGTopWindow.h */ = {isa = PBXFileReference; fileEncoding = 4; lastKnownFileType = sourcecode.c.h; path = PGTopWindow.h; sourceTree = "<group>"; };
		9A7AD3CE1CBB674A00CC0068 /* PGTopWindow.m */ = {isa = PBXFileReference; fileEncoding = 4; lastKnownFileType = sourcecode.c.objc; path = PGTopWindow.m; sourceTree = "<group>"; };
		9A7AD3D01CBB6EA400CC0068 /* TopViewController.h */ = {isa = PBXFileReference; fileEncoding = 4; lastKnownFileType = sourcecode.c.h; path = TopViewController.h; sourceTree = "<group>"; };
		9A7AD3D11CBB6EA400CC0068 /* TopViewController.m */ = {isa = PBXFileReference; fileEncoding = 4; lastKnownFileType = sourcecode.c.objc; path = TopViewController.m; sourceTree = "<group>"; };
/* End PBXFileReference section */

/* Begin PBXFrameworksBuildPhase section */
		9A7AD3AF1CBB66FB00CC0068 /* Frameworks */ = {
			isa = PBXFrameworksBuildPhase;
			buildActionMask = 2147483647;
			files = (
			);
			runOnlyForDeploymentPostprocessing = 0;
		};
/* End PBXFrameworksBuildPhase section */

/* Begin PBXGroup section */
		9A7AD3A91CBB66FB00CC0068 = {
			isa = PBXGroup;
			children = (
				9A7AD3B41CBB66FB00CC0068 /* scrollToTop */,
				9A7AD3B31CBB66FB00CC0068 /* Products */,
			);
			sourceTree = "<group>";
		};
		9A7AD3B31CBB66FB00CC0068 /* Products */ = {
			isa = PBXGroup;
			children = (
				9A7AD3B21CBB66FB00CC0068 /* scrollToTop.app */,
			);
			name = Products;
			sourceTree = "<group>";
		};
		9A7AD3B41CBB66FB00CC0068 /* scrollToTop */ = {
			isa = PBXGroup;
			children = (
				9A7AD3CC1CBB672600CC0068 /* scrollToTop */,
				9A7AD3B81CBB66FB00CC0068 /* AppDelegate.h */,
				9A7AD3B91CBB66FB00CC0068 /* AppDelegate.m */,
				9A7AD3BB1CBB66FB00CC0068 /* ViewController.h */,
				9A7AD3BC1CBB66FB00CC0068 /* ViewController.m */,
				9A7AD3BE1CBB66FB00CC0068 /* Main.storyboard */,
				9A7AD3C11CBB66FB00CC0068 /* Assets.xcassets */,
				9A7AD3C31CBB66FB00CC0068 /* LaunchScreen.storyboard */,
				9A7AD3C61CBB66FB00CC0068 /* Info.plist */,
				9A7AD3B51CBB66FB00CC0068 /* Supporting Files */,
			);
			path = scrollToTop;
			sourceTree = "<group>";
		};
		9A7AD3B51CBB66FB00CC0068 /* Supporting Files */ = {
			isa = PBXGroup;
			children = (
				9A7AD3B61CBB66FB00CC0068 /* main.m */,
			);
			name = "Supporting Files";
			sourceTree = "<group>";
		};
		9A7AD3CC1CBB672600CC0068 /* scrollToTop */ = {
			isa = PBXGroup;
			children = (
				9A7AD3CD1CBB674A00CC0068 /* PGTopWindow.h */,
				9A7AD3CE1CBB674A00CC0068 /* PGTopWindow.m */,
				9A7AD3D01CBB6EA400CC0068 /* TopViewController.h */,
				9A7AD3D11CBB6EA400CC0068 /* TopViewController.m */,
			);
			path = scrollToTop;
			sourceTree = "<group>";
		};
/* End PBXGroup section */

/* Begin PBXNativeTarget section */
		9A7AD3B11CBB66FB00CC0068 /* scrollToTop */ = {
			isa = PBXNativeTarget;
			buildConfigurationList = 9A7AD3C91CBB66FB00CC0068 /* Build configuration list for PBXNativeTarget "scrollToTop" */;
			buildPhases = (
				9A7AD3AE1CBB66FB00CC0068 /* Sources */,
				9A7AD3AF1CBB66FB00CC0068 /* Frameworks */,
				9A7AD3B01CBB66FB00CC0068 /* Resources */,
			);
			buildRules = (
			);
			dependencies = (
			);
			name = scrollToTop;
			productName = scrollToTop;
			productReference = 9A7AD3B21CBB66FB00CC0068 /* scrollToTop.app */;
			productType = "com.apple.product-type.application";
		};
/* End PBXNativeTarget section */

/* Begin PBXProject section */
		9A7AD3AA1CBB66FB00CC0068 /* Project object */ = {
			isa = PBXProject;
			attributes = {
				LastUpgradeCheck = 0730;
				ORGANIZATIONNAME = iningfeng;
				TargetAttributes = {
					9A7AD3B11CBB66FB00CC0068 = {
						CreatedOnToolsVersion = 7.3;
					};
				};
			};
			buildConfigurationList = 9A7AD3AD1CBB66FB00CC0068 /* Build configuration list for PBXProject "scrollToTop" */;
			compatibilityVersion = "Xcode 3.2";
			developmentRegion = English;
			hasScannedForEncodings = 0;
			knownRegions = (
				en,
				Base,
			);
			mainGroup = 9A7AD3A91CBB66FB00CC0068;
			productRefGroup = 9A7AD3B31CBB66FB00CC0068 /* Products */;
			projectDirPath = "";
			projectRoot = "";
			targets = (
				9A7AD3B11CBB66FB00CC0068 /* scrollToTop */,
			);
		};
/* End PBXProject section */

/* Begin PBXResourcesBuildPhase section */
		9A7AD3B01CBB66FB00CC0068 /* Resources */ = {
			isa = PBXResourcesBuildPhase;
			buildActionMask = 2147483647;
			files = (
				9A7AD3C51CBB66FB00CC0068 /* LaunchScreen.storyboard in Resources */,
				9A7AD3C21CBB66FB00CC0068 /* Assets.xcassets in Resources */,
				9A7AD3C01CBB66FB00CC0068 /* Main.storyboard in Resources */,
			);
			runOnlyForDeploymentPostprocessing = 0;
		};
/* End PBXResourcesBuildPhase section */

/* Begin PBXSourcesBuildPhase section */
		9A7AD3AE1CBB66FB00CC0068 /* Sources */ = {
			isa = PBXSourcesBuildPhase;
			buildActionMask = 2147483647;
			files = (
				9A7AD3D21CBB6EA400CC0068 /* TopViewController.m in Sources */,
				9A7AD3BD1CBB66FB00CC0068 /* ViewController.m in Sources */,
				9A7AD3BA1CBB66FB00CC0068 /* AppDelegate.m in Sources */,
				9A7AD3CF1CBB674A00CC0068 /* PGTopWindow.m in Sources */,
				9A7AD3B71CBB66FB00CC0068 /* main.m in Sources */,
			);
			runOnlyForDeploymentPostprocessing = 0;
		};
/* End PBXSourcesBuildPhase section */

/* Begin PBXVariantGroup section */
		9A7AD3BE1CBB66FB00CC0068 /* Main.storyboard */ = {
			isa = PBXVariantGroup;
			children = (
				9A7AD3BF1CBB66FB00CC0068 /* Base */,
			);
			name = Main.storyboard;
			sourceTree = "<group>";
		};
		9A7AD3C31CBB66FB00CC0068 /* LaunchScreen.storyboard */ = {
			isa = PBXVariantGroup;
			children = (
				9A7AD3C41CBB66FB00CC0068 /* Base */,
			);
			name = LaunchScreen.storyboard;
			sourceTree = "<group>";
		};
/* End PBXVariantGroup section */

/* Begin XCBuildConfiguration section */
		9A7AD3C71CBB66FB00CC0068 /* Debug */ = {
			isa = XCBuildConfiguration;
			buildSettings = {
				ALWAYS_SEARCH_USER_PATHS = NO;
				CLANG_ANALYZER_NONNULL = YES;
				CLANG_CXX_LANGUAGE_STANDARD = "gnu++0x";
				CLANG_CXX_LIBRARY = "libc++";
				CLANG_ENABLE_MODULES = YES;
				CLANG_ENABLE_OBJC_ARC = YES;
				CLANG_WARN_BOOL_CONVERSION = YES;
				CLANG_WARN_CONSTANT_CONVERSION = YES;
				CLANG_WARN_DIRECT_OBJC_ISA_USAGE = YES_ERROR;
				CLANG_WARN_EMPTY_BODY = YES;
				CLANG_WARN_ENUM_CONVERSION = YES;
				CLANG_WARN_INT_CONVERSION = YES;
				CLANG_WARN_OBJC_ROOT_CLASS = YES_ERROR;
				CLANG_WARN_UNREACHABLE_CODE = YES;
				CLANG_WARN__DUPLICATE_METHOD_MATCH = YES;
				"CODE_SIGN_IDENTITY[sdk=iphoneos*]" = "iPhone Developer";
				COPY_PHASE_STRIP = NO;
				DEBUG_INFORMATION_FORMAT = dwarf;
				ENABLE_STRICT_OBJC_MSGSEND = YES;
				ENABLE_TESTABILITY = YES;
				GCC_C_LANGUAGE_STANDARD = gnu99;
				GCC_DYNAMIC_NO_PIC = NO;
				GCC_NO_COMMON_BLOCKS = YES;
				GCC_OPTIMIZATION_LEVEL = 0;
				GCC_PREPROCESSOR_DEFINITIONS = (
					"DEBUG=1",
					"$(inherited)",
				);
				GCC_WARN_64_TO_32_BIT_CONVERSION = YES;
				GCC_WARN_ABOUT_RETURN_TYPE = YES_ERROR;
				GCC_WARN_UNDECLARED_SELECTOR = YES;
				GCC_WARN_UNINITIALIZED_AUTOS = YES_AGGRESSIVE;
				GCC_WARN_UNUSED_FUNCTION = YES;
				GCC_WARN_UNUSED_VARIABLE = YES;
				IPHONEOS_DEPLOYMENT_TARGET = 9.3;
				MTL_ENABLE_DEBUG_INFO = YES;
				ONLY_ACTIVE_ARCH = YES;
				SDKROOT = iphoneos;
			};
			name = Debug;
		};
		9A7AD3C81CBB66FB00CC0068 /* Release */ = {
			isa = XCBuildConfiguration;
			buildSettings = {
				ALWAYS_SEARCH_USER_PATHS = NO;
				CLANG_ANALYZER_NONNULL = YES;
				CLANG_CXX_LANGUAGE_STANDARD = "gnu++0x";
				CLANG_CXX_LIBRARY = "libc++";
				CLANG_ENABLE_MODULES = YES;
				CLANG_ENABLE_OBJC_ARC = YES;
				CLANG_WARN_BOOL_CONVERSION = YES;
				CLANG_WARN_CONSTANT_CONVERSION = YES;
				CLANG_WARN_DIRECT_OBJC_ISA_USAGE = YES_ERROR;
				CLANG_WARN_EMPTY_BODY = YES;
				CLANG_WARN_ENUM_CONVERSION = YES;
				CLANG_WARN_INT_CONVERSION = YES;
				CLANG_WARN_OBJC_ROOT_CLASS = YES_ERROR;
				CLANG_WARN_UNREACHABLE_CODE = YES;
				CLANG_WARN__DUPLICATE_METHOD_MATCH = YES;
				"CODE_SIGN_IDENTITY[sdk=iphoneos*]" = "iPhone Developer";
				COPY_PHASE_STRIP = NO;
				DEBUG_INFORMATION_FORMAT = "dwarf-with-dsym";
				ENABLE_NS_ASSERTIONS = NO;
				ENABLE_STRICT_OBJC_MSGSEND = YES;
				GCC_C_LANGUAGE_STANDARD = gnu99;
				GCC_NO_COMMON_BLOCKS = YES;
				GCC_WARN_64_TO_32_BIT_CONVERSION = YES;
				GCC_WARN_ABOUT_RETURN_TYPE = YES_ERROR;
				GCC_WARN_UNDECLARED_SELECTOR = YES;
				GCC_WARN_UNINITIALIZED_AUTOS = YES_AGGRESSIVE;
				GCC_WARN_UNUSED_FUNCTION = YES;
				GCC_WARN_UNUSED_VARIABLE = YES;
				IPHONEOS_DEPLOYMENT_TARGET = 9.3;
				MTL_ENABLE_DEBUG_INFO = NO;
				SDKROOT = iphoneos;
				VALIDATE_PRODUCT = YES;
			};
			name = Release;
		};
		9A7AD3CA1CBB66FB00CC0068 /* Debug */ = {
			isa = XCBuildConfiguration;
			buildSettings = {
				ASSETCATALOG_COMPILER_APPICON_NAME = AppIcon;
				INFOPLIST_FILE = scrollToTop/Info.plist;
				LD_RUNPATH_SEARCH_PATHS = "$(inherited) @executable_path/Frameworks";
				PRODUCT_BUNDLE_IDENTIFIER = sky.scrollToTop;
				PRODUCT_NAME = "$(TARGET_NAME)";
			};
			name = Debug;
		};
		9A7AD3CB1CBB66FB00CC0068 /* Release */ = {
			isa = XCBuildConfiguration;
			buildSettings = {
				ASSETCATALOG_COMPILER_APPICON_NAME = AppIcon;
				INFOPLIST_FILE = scrollToTop/Info.plist;
				LD_RUNPATH_SEARCH_PATHS = "$(inherited) @executable_path/Frameworks";
				PRODUCT_BUNDLE_IDENTIFIER = sky.scrollToTop;
				PRODUCT_NAME = "$(TARGET_NAME)";
			};
			name = Release;
		};
/* End XCBuildConfiguration section */

/* Begin XCConfigurationList section */
		9A7AD3AD1CBB66FB00CC0068 /* Build configuration list for PBXProject "scrollToTop" */ = {
			isa = XCConfigurationList;
			buildConfigurations = (
				9A7AD3C71CBB66FB00CC0068 /* Debug */,
				9A7AD3C81CBB66FB00CC0068 /* Release */,
			);
			defaultConfigurationIsVisible = 0;
			defaultConfigurationName = Release;
		};
		9A7AD3C91CBB66FB00CC0068 /* Build configuration list for PBXNativeTarget "scrollToTop" */ = {
			isa = XCConfigurationList;
			buildConfigurations = (
				9A7AD3CA1CBB66FB00CC0068 /* Debug */,
				9A7AD3CB1CBB66FB00CC0068 /* Release */,
			);
			defaultConfigurationIsVisible = 0;
		};
/* End XCConfigurationList section */
	};
	rootObject = 9A7AD3AA1CBB66FB00CC0068 /* Project object */;
}
